github.com/arcgolabs/collectionx/interval v0.9.0 h1:LiJrRH2SOh6fZY6+r5ocFhDFfvb2OvxIdZjMFulGCf0=
github.com/arcgolabs/collectionx/interval v0.9.0/go.mod h1:/JhcQR00R1Pq6iY+9CyVsKbUZXy1eA1dhSoEV+qMG0k=
github.com/arcgolabs/collectionx/list v0.9.0 h1:Z2DZp/QTc1rFSM7J0urge7mqCBenOdMKSfZlInlbOQI=
github.com/arcgolabs/collectionx/list v0.9.0/go.mod h1:ljn1rjvCXgliu1T7qnFGbozhSUmMqJqlYeLcoLF1YMM=
github.com/arcgolabs/collectionx/mapping v0.9.0 h1:oczGpSxWHGAbav4OgitfNysLroTqDnp5OC+vt6QVLqs=
github.com/arcgolabs/collectionx/mapping v0.9.0/go.mod h1:X/bcV1HjKy+GRRuLHFUiHQ22hZ8yIF9QDGYIvdQFLo4=
github.com/arcgolabs/collectionx/prefix v0.9.0 h1:MxPDssfopL5W6HJZSe28T9HDELI6PxwK5D8i+9155AI=
github.com/arcgolabs/collectionx/prefix v0.9.0/go.mod h1:eqUGSenPOVYjFjgMJBQhl9YrU5gvLRyCwpCwdUjHBPE=
github.com/arcgolabs/collectionx/set v0.9.0 h1:KNOUlmtPSAGrPb2N/8UKFgpj9tU+YsSFq2sWofyxKoE=
github.com/arcgolabs/collectionx/set v0.9.0/go.mod h1:575TbrhYlQ2LlnYuIDXb7TZRVru9EipuPG5bTE5RxAk=
github.com/go-json-experiment/json v0.0.0-20260623180601-d1aa2c979a19 h1:cBsjbNQfN4CFXYFkiCbxwOHGXXjb9CItcogSUgkjBeI=
github.com/go-json-experiment/json v0.0.0-20260623180601-d1aa2c979a19/go.mod h1:tphK2c80bpPhMOI4v6bIc2xWywPfbqi1Z06+RcrMkDg=
github.com/google/go-cmp v0.7.0 h1:wk8382ETsv4JYUZwIsn6YpYiWiBsYLSJiTsyBybVuN8=
github.com/google/go-cmp v0.7.0/go.mod h1:pXiqmnSA92OHEEa9HXL2W4E7lf9JzCmGVUdgjX3N/iU=
github.com/samber/lo v1.53.0 h1:t975lj2py4kJPQ6haz1QMgtId2gtmfktACxIXArw3HM=
github.com/samber/lo v1.53.0/go.mod h1:4+MXEGsJzbKGaUEQFKBq2xtfuznW9oz/WrgyzMzRoM0=
github.com/samber/mo v1.17.0 h1:EbeLc7nxIdpalstxQQakLOcXxULuMRqo7PJPtY18bQg=
github.com/samber/mo v1.17.0/go.mod h1:DlgzJ4SYhOh41nP1L9kh9rDNERuf8IqWSAs+gj2Vxag=
github.com/stretchr/testify v1.11.1 h1:7s2iGBzp5EwR7/aIZr8ao5+dra3wiQyKjjFuvgVKu7U=
go.lsp.dev/jsonrpc2 v1.0.0 h1:81LxDG/fn7KfvYPzGsXYrvGbnJbq8LnxRsZSuZ61LFM=
go.lsp.dev/jsonrpc2 v1.0.0/go.mod h1:WN+TesqrPumBmUdsuWyn9DHq3zl4i85L/qG0NLdj8qg=
go.lsp.dev/protocol v1.0.0 h1:VPdqJRn0rTxN2UAsmmY06m3fF1r/DX7qyhCzBKVqgGs=
go.lsp.dev/protocol v1.0.0/go.mod h1:RBDw4rB1ErrHqHE22shl0Bg+zg8JpDLk0S/dqZgJx9M=
go.lsp.dev/uri v1.0.0 h1:RamHOroOvgymLg/w8E4KNbR8Hj57gj0Vm4TnTP+LcSk=
go.lsp.dev/uri v1.0.0/go.mod h1:06a0ghafs4PuqkLsJGUmlgPHw6+kH79edRXjOT/rA8s=
golang.org/x/text v0.38.0 h1:sXmwo9DwP3OK9EZ7PqAdaooSGozfl/3a6/xJcbzPRhE=
golang.org/x/text v0.38.0/go.mod h1:YXZt3QhHUKYT53r2lLKFIVi6Ao1jdzrTR/KQ09qyxF4=
