github.com/arcgolabs/collectionx/graph v0.9.0 h1:wpOevcDwHq49F1Ei5oyoq+7Xiln8iPipPRsxrzyLQGw=
github.com/arcgolabs/collectionx/graph v0.9.0/go.mod h1:ed6tV9GiiLzvSajUwyaEYt4c5R2m8itI3FKfkHSRv80=
github.com/arcgolabs/collectionx/list v0.9.0 h1:Z2DZp/QTc1rFSM7J0urge7mqCBenOdMKSfZlInlbOQI=
github.com/arcgolabs/collectionx/list v0.9.0/go.mod h1:ljn1rjvCXgliu1T7qnFGbozhSUmMqJqlYeLcoLF1YMM=
github.com/arcgolabs/collectionx/mapping v0.9.0 h1:oczGpSxWHGAbav4OgitfNysLroTqDnp5OC+vt6QVLqs=
github.com/arcgolabs/collectionx/mapping v0.9.0/go.mod h1:X/bcV1HjKy+GRRuLHFUiHQ22hZ8yIF9QDGYIvdQFLo4=
github.com/arcgolabs/collectionx/set v0.9.0 h1:KNOUlmtPSAGrPb2N/8UKFgpj9tU+YsSFq2sWofyxKoE=
github.com/arcgolabs/collectionx/set v0.9.0/go.mod h1:575TbrhYlQ2LlnYuIDXb7TZRVru9EipuPG5bTE5RxAk=
github.com/arcgolabs/dix v0.11.1 h1:EJtiJuFyRW4DY4CilxnJqPL37omnJV3Yi2ZqsDcJbYY=
github.com/arcgolabs/dix v0.11.1/go.mod h1:LqZc4NLgOd/GrL8XvzGFS/FgJOAJKhqMXF2XMOyXr9k=
github.com/arcgolabs/pkg/option v0.0.3 h1:SS7WDMUAr7XW2/sOZkaqDrIUrygJK8u1gdPs9A4K5+A=
github.com/arcgolabs/pkg/option v0.0.3/go.mod h1:91/Ov3tYLKEZ+ytBT30ay4l6JNTRjzk/HRRfDTElhyA=
github.com/cespare/xxhash/v2 v2.3.0 h1:UL815xU9SqsFlibzuggzjXhog7bL6oX9BbNZnL2UFvs=
github.com/cespare/xxhash/v2 v2.3.0/go.mod h1:VGX0DQ3Q6kWi7AoAeZDth3/j3BFtOZR5XLFGgcrjCOs=
github.com/cpuguy83/go-md2man/v2 v2.0.6/go.mod h1:oOW0eioCTA6cOiMLiUPZOpcVxMig6NIQQ7OS05n1F4g=
github.com/google/go-cmp v0.7.0 h1:wk8382ETsv4JYUZwIsn6YpYiWiBsYLSJiTsyBybVuN8=
github.com/google/go-cmp v0.7.0/go.mod h1:pXiqmnSA92OHEEa9HXL2W4E7lf9JzCmGVUdgjX3N/iU=
github.com/inconshreveable/mousetrap v1.1.0 h1:wN+x4NVGpMsO7ErUn/mUI3vEoE6Jt13X2s0bqwp9tc8=
github.com/inconshreveable/mousetrap v1.1.0/go.mod h1:vpF70FUmC8bwa3OWnCshd2FqLfsEA9PFc4w1p2J65bw=
github.com/oklog/ulid/v2 v2.1.1 h1:suPZ4ARWLOJLegGFiZZ1dFAkqzhMjL3J1TzI+5wHz8s=
github.com/oklog/ulid/v2 v2.1.1/go.mod h1:rcEKHmBBKfef9DhnvX7y1HZBYxjXb0cP5ExxNsTT1QQ=
github.com/panjf2000/ants/v2 v2.12.1 h1:BWvU2wHpyXWxhhNXsGB6JXLCNbshyLd1QxvoAmZnu10=
github.com/panjf2000/ants/v2 v2.12.1/go.mod h1:tSQuaNQ6r6NRhPt+IZVUevvDyFMTs+eS4ztZc52uJTY=
github.com/pborman/getopt v0.0.0-20170112200414-7148bc3a4c30/go.mod h1:85jBQOZwpVEaDAr341tbn15RS4fCAsIst0qp7i8ex1o=
github.com/russross/blackfriday/v2 v2.1.0/go.mod h1:+Rmxgy9KzJVeS9/2gXHxylqXiyQDYRxCVz55jmeOWTM=
github.com/samber/do/v2 v2.0.0 h1:tnunwWaoqSfJ9hxVIaJawIo7JXHQlqT9d9YBXlE9Keg=
github.com/samber/do/v2 v2.0.0/go.mod h1:ZSBCE7Xr6nTNIOVo4DBrkl2+ydUbIOzJjjdV8En5XO4=
github.com/samber/go-type-to-string v1.8.0 h1:5z6tDTjtXxkIAoAuHAZYMYR8mkBZjVgeSH7jcSLqc8w=
github.com/samber/go-type-to-string v1.8.0/go.mod h1:jpU77vIDoIxkahknKDoEx9C8bQ1ADnh2sotZ8I4QqBU=
github.com/samber/lo v1.53.0 h1:t975lj2py4kJPQ6haz1QMgtId2gtmfktACxIXArw3HM=
github.com/samber/lo v1.53.0/go.mod h1:4+MXEGsJzbKGaUEQFKBq2xtfuznW9oz/WrgyzMzRoM0=
github.com/samber/mo v1.17.0 h1:EbeLc7nxIdpalstxQQakLOcXxULuMRqo7PJPtY18bQg=
github.com/samber/mo v1.17.0/go.mod h1:DlgzJ4SYhOh41nP1L9kh9rDNERuf8IqWSAs+gj2Vxag=
github.com/samber/oops v1.22.0 h1:fmWRC3YRUXFzpZ9Vs4nuckrsnCHv1cFV/bEm00Wvm0Y=
github.com/samber/oops v1.22.0/go.mod h1:8ZDRxwQdphVhmLtEX9I6134LHJe5yeCV8cTfHz3m91Y=
github.com/spf13/cobra v1.10.2 h1:DMTTonx5m65Ic0GOoRY2c16WCbHxOOw6xxezuLaBpcU=
github.com/spf13/cobra v1.10.2/go.mod h1:7C1pvHqHw5A4vrJfjNwvOdzYu0Gml16OCs2GRiTUUS4=
github.com/spf13/pflag v1.0.9/go.mod h1:McXfInJRrz4CZXVZOBLb0bTZqETkiAhM9Iw0y3An2Bg=
github.com/spf13/pflag v1.0.10 h1:4EBh2KAYBwaONj6b2Ye1GiHfwjqyROoF4RwYO+vPwFk=
github.com/spf13/pflag v1.0.10/go.mod h1:McXfInJRrz4CZXVZOBLb0bTZqETkiAhM9Iw0y3An2Bg=
github.com/stretchr/testify v1.11.1 h1:7s2iGBzp5EwR7/aIZr8ao5+dra3wiQyKjjFuvgVKu7U=
go.opentelemetry.io/otel v1.44.0 h1:JjwHmHpA4iZ3wBxluu2fbbE7j4kqlE8jXyAyPXH7HqU=
go.opentelemetry.io/otel v1.44.0/go.mod h1:BMgjTHL9WPRlRjL2oZCBTL4whCGtXch2H4BhOPIAyYc=
go.opentelemetry.io/otel/trace v1.44.0 h1:jxF5CsGYCe74MCRx2X4g7WsY/VBKRqqpNvXlX/6gtIk=
go.opentelemetry.io/otel/trace v1.44.0/go.mod h1:oLl1jrMQAVo6v3GAggN+1VH9VIz9iUSvW53sW1Q8PIE=
go.yaml.in/yaml/v3 v3.0.4/go.mod h1:DhzuOOF2ATzADvBadXxruRBLzYTpT36CKvDb3+aBEFg=
golang.org/x/sync v0.21.0 h1:HLII4xRRTtCRkxYp4HNFF0Js/Og6q2i++KXbg0gHCwM=
golang.org/x/sync v0.21.0/go.mod h1:9xrNwdLfx4jkKbNva9FpL6vEN7evnE43NNNJQ2LF3+0=
golang.org/x/text v0.38.0 h1:sXmwo9DwP3OK9EZ7PqAdaooSGozfl/3a6/xJcbzPRhE=
golang.org/x/text v0.38.0/go.mod h1:YXZt3QhHUKYT53r2lLKFIVi6Ao1jdzrTR/KQ09qyxF4=
gopkg.in/check.v1 v0.0.0-20161208181325-20d25e280405/go.mod h1:Co6ibVJAznAaIkqp8huTwlJQCZ016jof/cbN4VW5Yz0=
gopkg.in/check.v1 v1.0.0-20201130134442-10cb98267c6c h1:Hei/4ADfdWqJk1ZMxUNpqntNwaWcugrBjAiHlqqRiVk=
gopkg.in/yaml.v3 v3.0.1 h1:fxVm/GzAzEWqLHuvctI91KS9hhNmmWOoWu0XTYJS7CA=
gopkg.in/yaml.v3 v3.0.1/go.mod h1:K4uyk7z7BCEPqu6E+C64Yfv1cQ7kz7rIZviUmN+EgEM=
